
Microsoft Visual Studio Solution File, Format Version 11.00
# Visual Studio 2010
Project("{FAE04EC0-301F-11D3-BF4B-00C04F79EFBC}") = "Assembly-CSharp", "Assembly-CSharp.csproj", "{F53C46C8-175B-5DF7-C734-7B6C4C4ACFE0}"
EndProject
Project("{FAE04EC0-301F-11D3-BF4B-00C04F79EFBC}") = "Assembly-CSharp-Editor", "Assembly-CSharp-Editor.csproj", "{11C31B9A-3C08-F20F-D900-FFFB1DD4BE99}"
EndProject
Global
	GlobalSection(SolutionConfigurationPlatforms) = preSolution
		Debug|Any CPU = Debug|Any CPU
		Release|Any CPU = Release|Any CPU
	EndGlobalSection
	GlobalSection(ProjectConfigurationPlatforms) = postSolution
		{F53C46C8-175B-5DF7-C734-7B6C4C4ACFE0}.Debug|Any CPU.ActiveCfg = Debug|Any CPU
		{F53C46C8-175B-5DF7-C734-7B6C4C4ACFE0}.Debug|Any CPU.Build.0 = Debug|Any CPU
		{F53C46C8-175B-5DF7-C734-7B6C4C4ACFE0}.Release|Any CPU.ActiveCfg = Release|Any CPU
		{F53C46C8-175B-5DF7-C734-7B6C4C4ACFE0}.Release|Any CPU.Build.0 = Release|Any CPU
		{11C31B9A-3C08-F20F-D900-FFFB1DD4BE99}.Debug|Any CPU.ActiveCfg = Debug|Any CPU
		{11C31B9A-3C08-F20F-D900-FFFB1DD4BE99}.Debug|Any CPU.Build.0 = Debug|Any CPU
		{11C31B9A-3C08-F20F-D900-FFFB1DD4BE99}.Release|Any CPU.ActiveCfg = Release|Any CPU
		{11C31B9A-3C08-F20F-D900-FFFB1DD4BE99}.Release|Any CPU.Build.0 = Release|Any CPU
	EndGlobalSection
	GlobalSection(SolutionProperties) = preSolution
		HideSolutionNode = FALSE
	EndGlobalSection
	GlobalSection(MonoDevelopProperties) = preSolution
		StartupItem = Assembly-CSharp.csproj
	EndGlobalSection
EndGlobal
